// !$*UTF8*$!
{
	archiveVersion = 1;
	classes = {
	};
	objectVersion = 50;
	objects = {

/* Begin PBXBuildFile section */
		3B33FFA122C73FEB00FDB490 /* AppDelegate.swift in Sources */ = {isa = PBXBuildFile; fileRef = 3B33FFA022C73FEB00FDB490 /* AppDelegate.swift */; };
		3B33FFA322C73FEB00FDB490 /* ViewController.swift in Sources */ = {isa = PBXBuildFile; fileRef = 3B33FFA222C73FEB00FDB490 /* ViewController.swift */; };
		3B33FFA622C73FEB00FDB490 /* Main.storyboard in Resources */ = {isa = PBXBuildFile; fileRef = 3B33FFA422C73FEB00FDB490 /* Main.storyboard */; };
		3B33FFA822C73FEC00FDB490 /* Assets.xcassets in Resources */ = {isa = PBXBuildFile; fileRef = 3B33FFA722C73FEC00FDB490 /* Assets.xcassets */; };
		3B33FFAB22C73FEC00FDB490 /* LaunchScreen.storyboard in Resources */ = {isa = PBXBuildFile; fileRef = 3B33FFA922C73FEC00FDB490 /* LaunchScreen.storyboard */; };
		3B33FFB522C7437800FDB490 /* WaterFallViewController.swift in Sources */ = {isa = PBXBuildFile; fileRef = 3B33FFB422C7437800FDB490 /* WaterFallViewController.swift */; };
		3B33FFB722C7441400FDB490 /* WaterFallFlowLayout.swift in Sources */ = {isa = PBXBuildFile; fileRef = 3B33FFB622C7441400FDB490 /* WaterFallFlowLayout.swift */; };
		3B33FFB922C8E68100FDB490 /* WaterFallCollectionViewCell.swift in Sources */ = {isa = PBXBuildFile; fileRef = 3B33FFB822C8E68100FDB490 /* WaterFallCollectionViewCell.swift */; };
		3B46D4072305741100B17491 /* AutolayoutViewController.swift in Sources */ = {isa = PBXBuildFile; fileRef = 3B46D4062305741100B17491 /* AutolayoutViewController.swift */; };
		C58A3F42B1F4FA8C8459C2DC /* Pods_iOSUIDemo.framework in Frameworks */ = {isa = PBXBuildFile; fileRef = EF88B7D22523E4764903208F /* Pods_iOSUIDemo.framework */; };
/* End PBXBuildFile section */

/* Begin PBXFileReference section */
		3B33FF9D22C73FEB00FDB490 /* iOSUIDemo.app */ = {isa = PBXFileReference; explicitFileType = wrapper.application; includeInIndex = 0; path = iOSUIDemo.app; sourceTree = BUILT_PRODUCTS_DIR; };
		3B33FFA022C73FEB00FDB490 /* AppDelegate.swift */ = {isa = PBXFileReference; lastKnownFileType = sourcecode.swift; path = AppDelegate.swift; sourceTree = "<group>"; };
		3B33FFA222C73FEB00FDB490 /* ViewController.swift */ = {isa = PBXFileReference; lastKnownFileType = sourcecode.swift; path = ViewController.swift; sourceTree = "<group>"; };
		3B33FFA522C73FEB00FDB490 /* Base */ = {isa = PBXFileReference; lastKnownFileType = file.storyboard; name = Base; path = Base.lproj/Main.storyboard; sourceTree = "<group>"; };
		3B33FFA722C73FEC00FDB490 /* Assets.xcassets */ = {isa = PBXFileReference; lastKnownFileType = folder.assetcatalog; path = Assets.xcassets; sourceTree = "<group>"; };
		3B33FFAA22C73FEC00FDB490 /* Base */ = {isa = PBXFileReference; lastKnownFileType = file.storyboard; name = Base; path = Base.lproj/LaunchScreen.storyboard; sourceTree = "<group>"; };
		3B33FFAC22C73FEC00FDB490 /* Info.plist */ = {isa = PBXFileReference; lastKnownFileType = text.plist.xml; path = Info.plist; sourceTree = "<group>"; };
		3B33FFB422C7437800FDB490 /* WaterFallViewController.swift */ = {isa = PBXFileReference; lastKnownFileType = sourcecode.swift; path = WaterFallViewController.swift; sourceTree = "<group>"; };
		3B33FFB622C7441400FDB490 /* WaterFallFlowLayout.swift */ = {isa = PBXFileReference; lastKnownFileType = sourcecode.swift; path = WaterFallFlowLayout.swift; sourceTree = "<group>"; };
		3B33FFB822C8E68100FDB490 /* WaterFallCollectionViewCell.swift */ = {isa = PBXFileReference; lastKnownFileType = sourcecode.swift; path = WaterFallCollectionViewCell.swift; sourceTree = "<group>"; };
		3B46D4062305741100B17491 /* AutolayoutViewController.swift */ = {isa = PBXFileReference; lastKnownFileType = sourcecode.swift; path = AutolayoutViewController.swift; sourceTree = "<group>"; };
		6009E15814CCD40EE7AE8643 /* Pods-iOSUIDemo.release.xcconfig */ = {isa = PBXFileReference; includeInIndex = 1; lastKnownFileType = text.xcconfig; name = "Pods-iOSUIDemo.release.xcconfig"; path = "Target Support Files/Pods-iOSUIDemo/Pods-iOSUIDemo.release.xcconfig"; sourceTree = "<group>"; };
		B2904B66CEE0FD6D7B3C4244 /* Pods-iOSUIDemo.debug.xcconfig */ = {isa = PBXFileReference; includeInIndex = 1; lastKnownFileType = text.xcconfig; name = "Pods-iOSUIDemo.debug.xcconfig"; path = "Target Support Files/Pods-iOSUIDemo/Pods-iOSUIDemo.debug.xcconfig"; sourceTree = "<group>"; };
		EF88B7D22523E4764903208F /* Pods_iOSUIDemo.framework */ = {isa = PBXFileReference; explicitFileType = wrapper.framework; includeInIndex = 0; path = Pods_iOSUIDemo.framework; sourceTree = BUILT_PRODUCTS_DIR; };
/* End PBXFileReference section */

/* Begin PBXFrameworksBuildPhase section */
		3B33FF9A22C73FEB00FDB490 /* Frameworks */ = {
			isa = PBXFrameworksBuildPhase;
			buildActionMask = 2147483647;
			files = (
				C58A3F42B1F4FA8C8459C2DC /* Pods_iOSUIDemo.framework in Frameworks */,
			);
			runOnlyForDeploymentPostprocessing = 0;
		};
/* End PBXFrameworksBuildPhase section */

/* Begin PBXGroup section */
		26FBB12DCAB9A6D73484187D /* Pods */ = {
			isa = PBXGroup;
			children = (
				B2904B66CEE0FD6D7B3C4244 /* Pods-iOSUIDemo.debug.xcconfig */,
				6009E15814CCD40EE7AE8643 /* Pods-iOSUIDemo.release.xcconfig */,
			);
			path = Pods;
			sourceTree = "<group>";
		};
		3B33FF9422C73FEB00FDB490 = {
			isa = PBXGroup;
			children = (
				3B33FF9F22C73FEB00FDB490 /* iOSUIDemo */,
				3B33FF9E22C73FEB00FDB490 /* Products */,
				26FBB12DCAB9A6D73484187D /* Pods */,
				B2E3E7BD89B197745DBE3EC0 /* Frameworks */,
			);
			sourceTree = "<group>";
		};
		3B33FF9E22C73FEB00FDB490 /* Products */ = {
			isa = PBXGroup;
			children = (
				3B33FF9D22C73FEB00FDB490 /* iOSUIDemo.app */,
			);
			name = Products;
			sourceTree = "<group>";
		};
		3B33FF9F22C73FEB00FDB490 /* iOSUIDemo */ = {
			isa = PBXGroup;
			children = (
				3B46D405230573ED00B17491 /* AutoLayout */,
				3B33FFB322C7436000FDB490 /* 瀑布流 */,
				3B33FFA022C73FEB00FDB490 /* AppDelegate.swift */,
				3B33FFA222C73FEB00FDB490 /* ViewController.swift */,
				3B33FFA422C73FEB00FDB490 /* Main.storyboard */,
				3B33FFA722C73FEC00FDB490 /* Assets.xcassets */,
				3B33FFA922C73FEC00FDB490 /* LaunchScreen.storyboard */,
				3B33FFAC22C73FEC00FDB490 /* Info.plist */,
			);
			path = iOSUIDemo;
			sourceTree = "<group>";
		};
		3B33FFB322C7436000FDB490 /* 瀑布流 */ = {
			isa = PBXGroup;
			children = (
				3B33FFB422C7437800FDB490 /* WaterFallViewController.swift */,
				3B33FFB622C7441400FDB490 /* WaterFallFlowLayout.swift */,
				3B33FFB822C8E68100FDB490 /* WaterFallCollectionViewCell.swift */,
			);
			path = "瀑布流";
			sourceTree = "<group>";
		};
		3B46D405230573ED00B17491 /* AutoLayout */ = {
			isa = PBXGroup;
			children = (
				3B46D4062305741100B17491 /* AutolayoutViewController.swift */,
			);
			path = AutoLayout;
			sourceTree = "<group>";
		};
		B2E3E7BD89B197745DBE3EC0 /* Frameworks */ = {
			isa = PBXGroup;
			children = (
				EF88B7D22523E4764903208F /* Pods_iOSUIDemo.framework */,
			);
			name = Frameworks;
			sourceTree = "<group>";
		};
/* End PBXGroup section */

/* Begin PBXNativeTarget section */
		3B33FF9C22C73FEB00FDB490 /* iOSUIDemo */ = {
			isa = PBXNativeTarget;
			buildConfigurationList = 3B33FFAF22C73FEC00FDB490 /* Build configuration list for PBXNativeTarget "iOSUIDemo" */;
			buildPhases = (
				C365BCB3C93363B09095D044 /* [CP] Check Pods Manifest.lock */,
				3B33FF9922C73FEB00FDB490 /* Sources */,
				3B33FF9A22C73FEB00FDB490 /* Frameworks */,
				3B33FF9B22C73FEB00FDB490 /* Resources */,
				3F5722447B163EDA1B0440E2 /* [CP] Embed Pods Frameworks */,
			);
			buildRules = (
			);
			dependencies = (
			);
			name = iOSUIDemo;
			productName = iOSUIDemo;
			productReference = 3B33FF9D22C73FEB00FDB490 /* iOSUIDemo.app */;
			productType = "com.apple.product-type.application";
		};
/* End PBXNativeTarget section */

/* Begin PBXProject section */
		3B33FF9522C73FEB00FDB490 /* Project object */ = {
			isa = PBXProject;
			attributes = {
				LastSwiftUpdateCheck = 1020;
				LastUpgradeCheck = 1020;
				ORGANIZATIONNAME = Link;
				TargetAttributes = {
					3B33FF9C22C73FEB00FDB490 = {
						CreatedOnToolsVersion = 10.2.1;
					};
				};
			};
			buildConfigurationList = 3B33FF9822C73FEB00FDB490 /* Build configuration list for PBXProject "iOSUIDemo" */;
			compatibilityVersion = "Xcode 9.3";
			developmentRegion = en;
			hasScannedForEncodings = 0;
			knownRegions = (
				en,
				Base,
			);
			mainGroup = 3B33FF9422C73FEB00FDB490;
			productRefGroup = 3B33FF9E22C73FEB00FDB490 /* Products */;
			projectDirPath = "";
			projectRoot = "";
			targets = (
				3B33FF9C22C73FEB00FDB490 /* iOSUIDemo */,
			);
		};
/* End PBXProject section */

/* Begin PBXResourcesBuildPhase section */
		3B33FF9B22C73FEB00FDB490 /* Resources */ = {
			isa = PBXResourcesBuildPhase;
			buildActionMask = 2147483647;
			files = (
				3B33FFAB22C73FEC00FDB490 /* LaunchScreen.storyboard in Resources */,
				3B33FFA822C73FEC00FDB490 /* Assets.xcassets in Resources */,
				3B33FFA622C73FEB00FDB490 /* Main.storyboard in Resources */,
			);
			runOnlyForDeploymentPostprocessing = 0;
		};
/* End PBXResourcesBuildPhase section */

/* Begin PBXShellScriptBuildPhase section */
		3F5722447B163EDA1B0440E2 /* [CP] Embed Pods Frameworks */ = {
			isa = PBXShellScriptBuildPhase;
			buildActionMask = 2147483647;
			files = (
			);
			inputFileListPaths = (
			);
			inputPaths = (
				"${PODS_ROOT}/Target Support Files/Pods-iOSUIDemo/Pods-iOSUIDemo-frameworks.sh",
				"${BUILT_PRODUCTS_DIR}/SnapKit/SnapKit.framework",
			);
			name = "[CP] Embed Pods Frameworks";
			outputFileListPaths = (
			);
			outputPaths = (
				"${TARGET_BUILD_DIR}/${FRAMEWORKS_FOLDER_PATH}/SnapKit.framework",
			);
			runOnlyForDeploymentPostprocessing = 0;
			shellPath = /bin/sh;
			shellScript = "\"${PODS_ROOT}/Target Support Files/Pods-iOSUIDemo/Pods-iOSUIDemo-frameworks.sh\"\n";
			showEnvVarsInLog = 0;
		};
		C365BCB3C93363B09095D044 /* [CP] Check Pods Manifest.lock */ = {
			isa = PBXShellScriptBuildPhase;
			buildActionMask = 2147483647;
			files = (
			);
			inputFileListPaths = (
			);
			inputPaths = (
				"${PODS_PODFILE_DIR_PATH}/Podfile.lock",
				"${PODS_ROOT}/Manifest.lock",
			);
			name = "[CP] Check Pods Manifest.lock";
			outputFileListPaths = (
			);
			outputPaths = (
				"$(DERIVED_FILE_DIR)/Pods-iOSUIDemo-checkManifestLockResult.txt",
			);
			runOnlyForDeploymentPostprocessing = 0;
			shellPath = /bin/sh;
			shellScript = "diff \"${PODS_PODFILE_DIR_PATH}/Podfile.lock\" \"${PODS_ROOT}/Manifest.lock\" > /dev/null\nif [ $? != 0 ] ; then\n    # print error to STDERR\n    echo \"error: The sandbox is not in sync with the Podfile.lock. Run 'pod install' or update your CocoaPods installation.\" >&2\n    exit 1\nfi\n# This output is used by Xcode 'outputs' to avoid re-running this script phase.\necho \"SUCCESS\" > \"${SCRIPT_OUTPUT_FILE_0}\"\n";
			showEnvVarsInLog = 0;
		};
/* End PBXShellScriptBuildPhase section */

/* Begin PBXSourcesBuildPhase section */
		3B33FF9922C73FEB00FDB490 /* Sources */ = {
			isa = PBXSourcesBuildPhase;
			buildActionMask = 2147483647;
			files = (
				3B33FFB722C7441400FDB490 /* WaterFallFlowLayout.swift in Sources */,
				3B33FFB922C8E68100FDB490 /* WaterFallCollectionViewCell.swift in Sources */,
				3B33FFB522C7437800FDB490 /* WaterFallViewController.swift in Sources */,
				3B46D4072305741100B17491 /* AutolayoutViewController.swift in Sources */,
				3B33FFA322C73FEB00FDB490 /* ViewController.swift in Sources */,
				3B33FFA122C73FEB00FDB490 /* AppDelegate.swift in Sources */,
			);
			runOnlyForDeploymentPostprocessing = 0;
		};
/* End PBXSourcesBuildPhase section */

/* Begin PBXVariantGroup section */
		3B33FFA422C73FEB00FDB490 /* Main.storyboard */ = {
			isa = PBXVariantGroup;
			children = (
				3B33FFA522C73FEB00FDB490 /* Base */,
			);
			name = Main.storyboard;
			sourceTree = "<group>";
		};
		3B33FFA922C73FEC00FDB490 /* LaunchScreen.storyboard */ = {
			isa = PBXVariantGroup;
			children = (
				3B33FFAA22C73FEC00FDB490 /* Base */,
			);
			name = LaunchScreen.storyboard;
			sourceTree = "<group>";
		};
/* End PBXVariantGroup section */

/* Begin XCBuildConfiguration section */
		3B33FFAD22C73FEC00FDB490 /* Debug */ = {
			isa = XCBuildConfiguration;
			buildSettings = {
				ALWAYS_SEARCH_USER_PATHS = NO;
				CLANG_ANALYZER_NONNULL = YES;
				CLANG_ANALYZER_NUMBER_OBJECT_CONVERSION = YES_AGGRESSIVE;
				CLANG_CXX_LANGUAGE_STANDARD = "gnu++14";
				CLANG_CXX_LIBRARY = "libc++";
				CLANG_ENABLE_MODULES = YES;
				CLANG_ENABLE_OBJC_ARC = YES;
				CLANG_ENABLE_OBJC_WEAK = YES;
				CLANG_WARN_BLOCK_CAPTURE_AUTORELEASING = YES;
				CLANG_WARN_BOOL_CONVERSION = YES;
				CLANG_WARN_COMMA = YES;
				CLANG_WARN_CONSTANT_CONVERSION = YES;
				CLANG_WARN_DEPRECATED_OBJC_IMPLEMENTATIONS = YES;
				CLANG_WARN_DIRECT_OBJC_ISA_USAGE = YES_ERROR;
				CLANG_WARN_DOCUMENTATION_COMMENTS = YES;
				CLANG_WARN_EMPTY_BODY = YES;
				CLANG_WARN_ENUM_CONVERSION = YES;
				CLANG_WARN_INFINITE_RECURSION = YES;
				CLANG_WARN_INT_CONVERSION = YES;
				CLANG_WARN_NON_LITERAL_NULL_CONVERSION = YES;
				CLANG_WARN_OBJC_IMPLICIT_RETAIN_SELF = YES;
				CLANG_WARN_OBJC_LITERAL_CONVERSION = YES;
				CLANG_WARN_OBJC_ROOT_CLASS = YES_ERROR;
				CLANG_WARN_RANGE_LOOP_ANALYSIS = YES;
				CLANG_WARN_STRICT_PROTOTYPES = YES;
				CLANG_WARN_SUSPICIOUS_MOVE = YES;
				CLANG_WARN_UNGUARDED_AVAILABILITY = YES_AGGRESSIVE;
				CLANG_WARN_UNREACHABLE_CODE = YES;
				CLANG_WARN__DUPLICATE_METHOD_MATCH = YES;
				CODE_SIGN_IDENTITY = "iPhone Developer";
				COPY_PHASE_STRIP = NO;
				DEBUG_INFORMATION_FORMAT = dwarf;
				ENABLE_STRICT_OBJC_MSGSEND = YES;
				ENABLE_TESTABILITY = YES;
				GCC_C_LANGUAGE_STANDARD = gnu11;
				GCC_DYNAMIC_NO_PIC = NO;
				GCC_NO_COMMON_BLOCKS = YES;
				GCC_OPTIMIZATION_LEVEL = 0;
				GCC_PREPROCESSOR_DEFINITIONS = (
					"DEBUG=1",
					"$(inherited)",
				);
				GCC_WARN_64_TO_32_BIT_CONVERSION = YES;
				GCC_WARN_ABOUT_RETURN_TYPE = YES_ERROR;
				GCC_WARN_UNDECLARED_SELECTOR = YES;
				GCC_WARN_UNINITIALIZED_AUTOS = YES_AGGRESSIVE;
				GCC_WARN_UNUSED_FUNCTION = YES;
				GCC_WARN_UNUSED_VARIABLE = YES;
				IPHONEOS_DEPLOYMENT_TARGET = 12.2;
				MTL_ENABLE_DEBUG_INFO = INCLUDE_SOURCE;
				MTL_FAST_MATH = YES;
				ONLY_ACTIVE_ARCH = YES;
				SDKROOT = iphoneos;
				SWIFT_ACTIVE_COMPILATION_CONDITIONS = DEBUG;
				SWIFT_OPTIMIZATION_LEVEL = "-Onone";
			};
			name = Debug;
		};
		3B33FFAE22C73FEC00FDB490 /* Release */ = {
			isa = XCBuildConfiguration;
			buildSettings = {
				ALWAYS_SEARCH_USER_PATHS = NO;
				CLANG_ANALYZER_NONNULL = YES;
				CLANG_ANALYZER_NUMBER_OBJECT_CONVERSION = YES_AGGRESSIVE;
				CLANG_CXX_LANGUAGE_STANDARD = "gnu++14";
				CLANG_CXX_LIBRARY = "libc++";
				CLANG_ENABLE_MODULES = YES;
				CLANG_ENABLE_OBJC_ARC = YES;
				CLANG_ENABLE_OBJC_WEAK = YES;
				CLANG_WARN_BLOCK_CAPTURE_AUTORELEASING = YES;
				CLANG_WARN_BOOL_CONVERSION = YES;
				CLANG_WARN_COMMA = YES;
				CLANG_WARN_CONSTANT_CONVERSION = YES;
				CLANG_WARN_DEPRECATED_OBJC_IMPLEMENTATIONS = YES;
				CLANG_WARN_DIRECT_OBJC_ISA_USAGE = YES_ERROR;
				CLANG_WARN_DOCUMENTATION_COMMENTS = YES;
				CLANG_WARN_EMPTY_BODY = YES;
				CLANG_WARN_ENUM_CONVERSION = YES;
				CLANG_WARN_INFINITE_RECURSION = YES;
				CLANG_WARN_INT_CONVERSION = YES;
				CLANG_WARN_NON_LITERAL_NULL_CONVERSION = YES;
				CLANG_WARN_OBJC_IMPLICIT_RETAIN_SELF = YES;
				CLANG_WARN_OBJC_LITERAL_CONVERSION = YES;
				CLANG_WARN_OBJC_ROOT_CLASS = YES_ERROR;
				CLANG_WARN_RANGE_LOOP_ANALYSIS = YES;
				CLANG_WARN_STRICT_PROTOTYPES = YES;
				CLANG_WARN_SUSPICIOUS_MOVE = YES;
				CLANG_WARN_UNGUARDED_AVAILABILITY = YES_AGGRESSIVE;
				CLANG_WARN_UNREACHABLE_CODE = YES;
				CLANG_WARN__DUPLICATE_METHOD_MATCH = YES;
				CODE_SIGN_IDENTITY = "iPhone Developer";
				COPY_PHASE_STRIP = NO;
				DEBUG_INFORMATION_FORMAT = "dwarf-with-dsym";
				ENABLE_NS_ASSERTIONS = NO;
				ENABLE_STRICT_OBJC_MSGSEND = YES;
				GCC_C_LANGUAGE_STANDARD = gnu11;
				GCC_NO_COMMON_BLOCKS = YES;
				GCC_WARN_64_TO_32_BIT_CONVERSION = YES;
				GCC_WARN_ABOUT_RETURN_TYPE = YES_ERROR;
				GCC_WARN_UNDECLARED_SELECTOR = YES;
				GCC_WARN_UNINITIALIZED_AUTOS = YES_AGGRESSIVE;
				GCC_WARN_UNUSED_FUNCTION = YES;
				GCC_WARN_UNUSED_VARIABLE = YES;
				IPHONEOS_DEPLOYMENT_TARGET = 12.2;
				MTL_ENABLE_DEBUG_INFO = NO;
				MTL_FAST_MATH = YES;
				SDKROOT = iphoneos;
				SWIFT_COMPILATION_MODE = wholemodule;
				SWIFT_OPTIMIZATION_LEVEL = "-O";
				VALIDATE_PRODUCT = YES;
			};
			name = Release;
		};
		3B33FFB022C73FEC00FDB490 /* Debug */ = {
			isa = XCBuildConfiguration;
			baseConfigurationReference = B2904B66CEE0FD6D7B3C4244 /* Pods-iOSUIDemo.debug.xcconfig */;
			buildSettings = {
				ASSETCATALOG_COMPILER_APPICON_NAME = AppIcon;
				CODE_SIGN_STYLE = Automatic;
				DEVELOPMENT_TEAM = 56M98M5X7T;
				INFOPLIST_FILE = iOSUIDemo/Info.plist;
				LD_RUNPATH_SEARCH_PATHS = (
					"$(inherited)",
					"@executable_path/Frameworks",
				);
				PRODUCT_BUNDLE_IDENTIFIER = com.Link.iOSUIDemo;
				PRODUCT_NAME = "$(TARGET_NAME)";
				SWIFT_VERSION = 5.0;
				TARGETED_DEVICE_FAMILY = "1,2";
			};
			name = Debug;
		};
		3B33FFB122C73FEC00FDB490 /* Release */ = {
			isa = XCBuildConfiguration;
			baseConfigurationReference = 6009E15814CCD40EE7AE8643 /* Pods-iOSUIDemo.release.xcconfig */;
			buildSettings = {
				ASSETCATALOG_COMPILER_APPICON_NAME = AppIcon;
				CODE_SIGN_STYLE = Automatic;
				DEVELOPMENT_TEAM = 56M98M5X7T;
				INFOPLIST_FILE = iOSUIDemo/Info.plist;
				LD_RUNPATH_SEARCH_PATHS = (
					"$(inherited)",
					"@executable_path/Frameworks",
				);
				PRODUCT_BUNDLE_IDENTIFIER = com.Link.iOSUIDemo;
				PRODUCT_NAME = "$(TARGET_NAME)";
				SWIFT_VERSION = 5.0;
				TARGETED_DEVICE_FAMILY = "1,2";
			};
			name = Release;
		};
/* End XCBuildConfiguration section */

/* Begin XCConfigurationList section */
		3B33FF9822C73FEB00FDB490 /* Build configuration list for PBXProject "iOSUIDemo" */ = {
			isa = XCConfigurationList;
			buildConfigurations = (
				3B33FFAD22C73FEC00FDB490 /* Debug */,
				3B33FFAE22C73FEC00FDB490 /* Release */,
			);
			defaultConfigurationIsVisible = 0;
			defaultConfigurationName = Release;
		};
		3B33FFAF22C73FEC00FDB490 /* Build configuration list for PBXNativeTarget "iOSUIDemo" */ = {
			isa = XCConfigurationList;
			buildConfigurations = (
				3B33FFB022C73FEC00FDB490 /* Debug */,
				3B33FFB122C73FEC00FDB490 /* Release */,
			);
			defaultConfigurationIsVisible = 0;
			defaultConfigurationName = Release;
		};
/* End XCConfigurationList section */
	};
	rootObject = 3B33FF9522C73FEB00FDB490 /* Project object */;
}
